
Microsoft Visual Studio Solution File, Format Version 12.00
# Visual Studio Version 16
VisualStudioVersion = 16.0.30104.148
MinimumVisualStudioVersion = 10.0.40219.1
Project("{FAE04EC0-301F-11D3-BF4B-00C04F79EFBC}") = "CountryDB", "CountryDB.csproj", "{E19722DF-4400-4CDF-BA3F-909985CFF48C}"
EndProject
Global
	GlobalSection(SolutionConfigurationPlatforms) = preSolution
		Debug|Any CPU = Debug|Any CPU
		Release|Any CPU = Release|Any CPU
	EndGlobalSection
	GlobalSection(ProjectConfigurationPlatforms) = postSolution
		{E19722DF-4400-4CDF-BA3F-909985CFF48C}.Debug|Any CPU.ActiveCfg = Debug|Any CPU
		{E19722DF-4400-4CDF-BA3F-909985CFF48C}.Debug|Any CPU.Build.0 = Debug|Any CPU
		{E19722DF-4400-4CDF-BA3F-909985CFF48C}.Release|Any CPU.ActiveCfg = Release|Any CPU
		{E19722DF-4400-4CDF-BA3F-909985CFF48C}.Release|Any CPU.Build.0 = Release|Any CPU
	EndGlobalSection
	GlobalSection(SolutionProperties) = preSolution
		HideSolutionNode = FALSE
	EndGlobalSection
	GlobalSection(ExtensibilityGlobals) = postSolution
		SolutionGuid = {CC89B41D-37FC-49F8-974F-55DB8D7A2879}
	EndGlobalSection
EndGlobal
